// !$*UTF8*$!
{
	archiveVersion = 1;
	classes = {
	};
	objectVersion = 51;
	objects = {

/* Begin PBXBuildFile section */
		16C62EA0DF0A69E59EAA7429 /* Pods_TestAnimationApp.framework in Frameworks */ = {isa = PBXBuildFile; fileRef = 0B7818581FCE8B36906D48EA /* Pods_TestAnimationApp.framework */; };
		FA295A45249987690098FE47 /* AppDelegate.swift in Sources */ = {isa = PBXBuildFile; fileRef = FA295A44249987690098FE47 /* AppDelegate.swift */; };
		FA295A47249987690098FE47 /* SceneDelegate.swift in Sources */ = {isa = PBXBuildFile; fileRef = FA295A46249987690098FE47 /* SceneDelegate.swift */; };
		FA295A49249987690098FE47 /* ViewController.swift in Sources */ = {isa = PBXBuildFile; fileRef = FA295A48249987690098FE47 /* ViewController.swift */; };
		FA295A4C249987690098FE47 /* Main.storyboard in Resources */ = {isa = PBXBuildFile; fileRef = FA295A4A249987690098FE47 /* Main.storyboard */; };
		FA295A4E2499876D0098FE47 /* Assets.xcassets in Resources */ = {isa = PBXBuildFile; fileRef = FA295A4D2499876D0098FE47 /* Assets.xcassets */; };
		FA295A512499876D0098FE47 /* LaunchScreen.storyboard in Resources */ = {isa = PBXBuildFile; fileRef = FA295A4F2499876D0098FE47 /* LaunchScreen.storyboard */; };
		FA295A592499A8FD0098FE47 /* Animation.swift in Sources */ = {isa = PBXBuildFile; fileRef = FA295A582499A8FD0098FE47 /* Animation.swift */; };
		FA295A5B2499ACAA0098FE47 /* AnimationsData.swift in Sources */ = {isa = PBXBuildFile; fileRef = FA295A5A2499ACAA0098FE47 /* AnimationsData.swift */; };
/* End PBXBuildFile section */

/* Begin PBXFileReference section */
		0B7818581FCE8B36906D48EA /* Pods_TestAnimationApp.framework */ = {isa = PBXFileReference; explicitFileType = wrapper.framework; includeInIndex = 0; path = Pods_TestAnimationApp.framework; sourceTree = BUILT_PRODUCTS_DIR; };
		4E544C56086CA849561088CB /* Pods-TestAnimationApp.debug.xcconfig */ = {isa = PBXFileReference; includeInIndex = 1; lastKnownFileType = text.xcconfig; name = "Pods-TestAnimationApp.debug.xcconfig"; path = "Target Support Files/Pods-TestAnimationApp/Pods-TestAnimationApp.debug.xcconfig"; sourceTree = "<group>"; };
		D280E747488BA34D920CBEEF /* Pods-TestAnimationApp.release.xcconfig */ = {isa = PBXFileReference; includeInIndex = 1; lastKnownFileType = text.xcconfig; name = "Pods-TestAnimationApp.release.xcconfig"; path = "Target Support Files/Pods-TestAnimationApp/Pods-TestAnimationApp.release.xcconfig"; sourceTree = "<group>"; };
		FA295A41249987690098FE47 /* TestAnimationApp.app */ = {isa = PBXFileReference; explicitFileType = wrapper.application; includeInIndex = 0; path = TestAnimationApp.app; sourceTree = BUILT_PRODUCTS_DIR; };
		FA295A44249987690098FE47 /* AppDelegate.swift */ = {isa = PBXFileReference; lastKnownFileType = sourcecode.swift; path = AppDelegate.swift; sourceTree = "<group>"; };
		FA295A46249987690098FE47 /* SceneDelegate.swift */ = {isa = PBXFileReference; lastKnownFileType = sourcecode.swift; path = SceneDelegate.swift; sourceTree = "<group>"; };
		FA295A48249987690098FE47 /* ViewController.swift */ = {isa = PBXFileReference; lastKnownFileType = sourcecode.swift; path = ViewController.swift; sourceTree = "<group>"; };
		FA295A4B249987690098FE47 /* Base */ = {isa = PBXFileReference; lastKnownFileType = file.storyboard; name = Base; path = Base.lproj/Main.storyboard; sourceTree = "<group>"; };
		FA295A4D2499876D0098FE47 /* Assets.xcassets */ = {isa = PBXFileReference; lastKnownFileType = folder.assetcatalog; path = Assets.xcassets; sourceTree = "<group>"; };
		FA295A502499876D0098FE47 /* Base */ = {isa = PBXFileReference; lastKnownFileType = file.storyboard; name = Base; path = Base.lproj/LaunchScreen.storyboard; sourceTree = "<group>"; };
		FA295A522499876D0098FE47 /* Info.plist */ = {isa = PBXFileReference; lastKnownFileType = text.plist.xml; path = Info.plist; sourceTree = "<group>"; };
		FA295A582499A8FD0098FE47 /* Animation.swift */ = {isa = PBXFileReference; lastKnownFileType = sourcecode.swift; path = Animation.swift; sourceTree = "<group>"; };
		FA295A5A2499ACAA0098FE47 /* AnimationsData.swift */ = {isa = PBXFileReference; lastKnownFileType = sourcecode.swift; path = AnimationsData.swift; sourceTree = "<group>"; };
/* End PBXFileReference section */

/* Begin PBXFrameworksBuildPhase section */
		FA295A3E249987690098FE47 /* Frameworks */ = {
			isa = PBXFrameworksBuildPhase;
			buildActionMask = 2147483647;
			files = (
				16C62EA0DF0A69E59EAA7429 /* Pods_TestAnimationApp.framework in Frameworks */,
			);
			runOnlyForDeploymentPostprocessing = 0;
		};
/* End PBXFrameworksBuildPhase section */

/* Begin PBXGroup section */
		0B01DD801344501CFDD274DF /* Frameworks */ = {
			isa = PBXGroup;
			children = (
				0B7818581FCE8B36906D48EA /* Pods_TestAnimationApp.framework */,
			);
			name = Frameworks;
			sourceTree = "<group>";
		};
		4A21FC150F45B91E191239AA /* Pods */ = {
			isa = PBXGroup;
			children = (
				4E544C56086CA849561088CB /* Pods-TestAnimationApp.debug.xcconfig */,
				D280E747488BA34D920CBEEF /* Pods-TestAnimationApp.release.xcconfig */,
			);
			path = Pods;
			sourceTree = "<group>";
		};
		FA295A38249987690098FE47 = {
			isa = PBXGroup;
			children = (
				FA295A43249987690098FE47 /* TestAnimationApp */,
				FA295A42249987690098FE47 /* Products */,
				4A21FC150F45B91E191239AA /* Pods */,
				0B01DD801344501CFDD274DF /* Frameworks */,
			);
			sourceTree = "<group>";
		};
		FA295A42249987690098FE47 /* Products */ = {
			isa = PBXGroup;
			children = (
				FA295A41249987690098FE47 /* TestAnimationApp.app */,
			);
			name = Products;
			sourceTree = "<group>";
		};
		FA295A43249987690098FE47 /* TestAnimationApp */ = {
			isa = PBXGroup;
			children = (
				FA295A44249987690098FE47 /* AppDelegate.swift */,
				FA295A46249987690098FE47 /* SceneDelegate.swift */,
				FA295A5A2499ACAA0098FE47 /* AnimationsData.swift */,
				FA295A582499A8FD0098FE47 /* Animation.swift */,
				FA295A48249987690098FE47 /* ViewController.swift */,
				FA295A4A249987690098FE47 /* Main.storyboard */,
				FA295A4D2499876D0098FE47 /* Assets.xcassets */,
				FA295A4F2499876D0098FE47 /* LaunchScreen.storyboard */,
				FA295A522499876D0098FE47 /* Info.plist */,
			);
			path = TestAnimationApp;
			sourceTree = "<group>";
		};
/* End PBXGroup section */

/* Begin PBXNativeTarget section */
		FA295A40249987690098FE47 /* TestAnimationApp */ = {
			isa = PBXNativeTarget;
			buildConfigurationList = FA295A552499876D0098FE47 /* Build configuration list for PBXNativeTarget "TestAnimationApp" */;
			buildPhases = (
				ABE51DA5EE6F3366AFF0EC34 /* [CP] Check Pods Manifest.lock */,
				FA295A3D249987690098FE47 /* Sources */,
				FA295A3E249987690098FE47 /* Frameworks */,
				FA295A3F249987690098FE47 /* Resources */,
				4F9D51DDCED73457DE9F1AFB /* [CP] Embed Pods Frameworks */,
			);
			buildRules = (
			);
			dependencies = (
			);
			name = TestAnimationApp;
			productName = TestAnimationApp;
			productReference = FA295A41249987690098FE47 /* TestAnimationApp.app */;
			productType = "com.apple.product-type.application";
		};
/* End PBXNativeTarget section */

/* Begin PBXProject section */
		FA295A39249987690098FE47 /* Project object */ = {
			isa = PBXProject;
			attributes = {
				LastSwiftUpdateCheck = 1150;
				LastUpgradeCheck = 1150;
				ORGANIZATIONNAME = "Igor Simonov";
				TargetAttributes = {
					FA295A40249987690098FE47 = {
						CreatedOnToolsVersion = 11.5;
					};
				};
			};
			buildConfigurationList = FA295A3C249987690098FE47 /* Build configuration list for PBXProject "TestAnimationApp" */;
			compatibilityVersion = "Xcode 9.3";
			developmentRegion = en;
			hasScannedForEncodings = 0;
			knownRegions = (
				en,
				Base,
			);
			mainGroup = FA295A38249987690098FE47;
			productRefGroup = FA295A42249987690098FE47 /* Products */;
			projectDirPath = "";
			projectRoot = "";
			targets = (
				FA295A40249987690098FE47 /* TestAnimationApp */,
			);
		};
/* End PBXProject section */

/* Begin PBXResourcesBuildPhase section */
		FA295A3F249987690098FE47 /* Resources */ = {
			isa = PBXResourcesBuildPhase;
			buildActionMask = 2147483647;
			files = (
				FA295A512499876D0098FE47 /* LaunchScreen.storyboard in Resources */,
				FA295A4E2499876D0098FE47 /* Assets.xcassets in Resources */,
				FA295A4C249987690098FE47 /* Main.storyboard in Resources */,
			);
			runOnlyForDeploymentPostprocessing = 0;
		};
/* End PBXResourcesBuildPhase section */

/* Begin PBXShellScriptBuildPhase section */
		4F9D51DDCED73457DE9F1AFB /* [CP] Embed Pods Frameworks */ = {
			isa = PBXShellScriptBuildPhase;
			buildActionMask = 2147483647;
			files = (
			);
			inputFileListPaths = (
				"${PODS_ROOT}/Target Support Files/Pods-TestAnimationApp/Pods-TestAnimationApp-frameworks-${CONFIGURATION}-input-files.xcfilelist",
			);
			name = "[CP] Embed Pods Frameworks";
			outputFileListPaths = (
				"${PODS_ROOT}/Target Support Files/Pods-TestAnimationApp/Pods-TestAnimationApp-frameworks-${CONFIGURATION}-output-files.xcfilelist",
			);
			runOnlyForDeploymentPostprocessing = 0;
			shellPath = /bin/sh;
			shellScript = "\"${PODS_ROOT}/Target Support Files/Pods-TestAnimationApp/Pods-TestAnimationApp-frameworks.sh\"\n";
			showEnvVarsInLog = 0;
		};
		ABE51DA5EE6F3366AFF0EC34 /* [CP] Check Pods Manifest.lock */ = {
			isa = PBXShellScriptBuildPhase;
			buildActionMask = 2147483647;
			files = (
			);
			inputFileListPaths = (
			);
			inputPaths = (
				"${PODS_PODFILE_DIR_PATH}/Podfile.lock",
				"${PODS_ROOT}/Manifest.lock",
			);
			name = "[CP] Check Pods Manifest.lock";
			outputFileListPaths = (
			);
			outputPaths = (
				"$(DERIVED_FILE_DIR)/Pods-TestAnimationApp-checkManifestLockResult.txt",
			);
			runOnlyForDeploymentPostprocessing = 0;
			shellPath = /bin/sh;
			shellScript = "diff \"${PODS_PODFILE_DIR_PATH}/Podfile.lock\" \"${PODS_ROOT}/Manifest.lock\" > /dev/null\nif [ $? != 0 ] ; then\n    # print error to STDERR\n    echo \"error: The sandbox is not in sync with the Podfile.lock. Run 'pod install' or update your CocoaPods installation.\" >&2\n    exit 1\nfi\n# This output is used by Xcode 'outputs' to avoid re-running this script phase.\necho \"SUCCESS\" > \"${SCRIPT_OUTPUT_FILE_0}\"\n";
			showEnvVarsInLog = 0;
		};
/* End PBXShellScriptBuildPhase section */

/* Begin PBXSourcesBuildPhase section */
		FA295A3D249987690098FE47 /* Sources */ = {
			isa = PBXSourcesBuildPhase;
			buildActionMask = 2147483647;
			files = (
				FA295A49249987690098FE47 /* ViewController.swift in Sources */,
				FA295A592499A8FD0098FE47 /* Animation.swift in Sources */,
				FA295A5B2499ACAA0098FE47 /* AnimationsData.swift in Sources */,
				FA295A45249987690098FE47 /* AppDelegate.swift in Sources */,
				FA295A47249987690098FE47 /* SceneDelegate.swift in Sources */,
			);
			runOnlyForDeploymentPostprocessing = 0;
		};
/* End PBXSourcesBuildPhase section */

/* Begin PBXVariantGroup section */
		FA295A4A249987690098FE47 /* Main.storyboard */ = {
			isa = PBXVariantGroup;
			children = (
				FA295A4B249987690098FE47 /* Base */,
			);
			name = Main.storyboard;
			sourceTree = "<group>";
		};
		FA295A4F2499876D0098FE47 /* LaunchScreen.storyboard */ = {
			isa = PBXVariantGroup;
			children = (
				FA295A502499876D0098FE47 /* Base */,
			);
			name = LaunchScreen.storyboard;
			sourceTree = "<group>";
		};
/* End PBXVariantGroup section */

/* Begin XCBuildConfiguration section */
		FA295A532499876D0098FE47 /* Debug */ = {
			isa = XCBuildConfiguration;
			buildSettings = {
				ALWAYS_SEARCH_USER_PATHS = NO;
				CLANG_ANALYZER_NONNULL = YES;
				CLANG_ANALYZER_NUMBER_OBJECT_CONVERSION = YES_AGGRESSIVE;
				CLANG_CXX_LANGUAGE_STANDARD = "gnu++14";
				CLANG_CXX_LIBRARY = "libc++";
				CLANG_ENABLE_MODULES = YES;
				CLANG_ENABLE_OBJC_ARC = YES;
				CLANG_ENABLE_OBJC_WEAK = YES;
				CLANG_WARN_BLOCK_CAPTURE_AUTORELEASING = YES;
				CLANG_WARN_BOOL_CONVERSION = YES;
				CLANG_WARN_COMMA = YES;
				CLANG_WARN_CONSTANT_CONVERSION = YES;
				CLANG_WARN_DEPRECATED_OBJC_IMPLEMENTATIONS = YES;
				CLANG_WARN_DIRECT_OBJC_ISA_USAGE = YES_ERROR;
				CLANG_WARN_DOCUMENTATION_COMMENTS = YES;
				CLANG_WARN_EMPTY_BODY = YES;
				CLANG_WARN_ENUM_CONVERSION = YES;
				CLANG_WARN_INFINITE_RECURSION = YES;
				CLANG_WARN_INT_CONVERSION = YES;
				CLANG_WARN_NON_LITERAL_NULL_CONVERSION = YES;
				CLANG_WARN_OBJC_IMPLICIT_RETAIN_SELF = YES;
				CLANG_WARN_OBJC_LITERAL_CONVERSION = YES;
				CLANG_WARN_OBJC_ROOT_CLASS = YES_ERROR;
				CLANG_WARN_RANGE_LOOP_ANALYSIS = YES;
				CLANG_WARN_STRICT_PROTOTYPES = YES;
				CLANG_WARN_SUSPICIOUS_MOVE = YES;
				CLANG_WARN_UNGUARDED_AVAILABILITY = YES_AGGRESSIVE;
				CLANG_WARN_UNREACHABLE_CODE = YES;
				CLANG_WARN__DUPLICATE_METHOD_MATCH = YES;
				COPY_PHASE_STRIP = NO;
				DEBUG_INFORMATION_FORMAT = dwarf;
				ENABLE_STRICT_OBJC_MSGSEND = YES;
				ENABLE_TESTABILITY = YES;
				GCC_C_LANGUAGE_STANDARD = gnu11;
				GCC_DYNAMIC_NO_PIC = NO;
				GCC_NO_COMMON_BLOCKS = YES;
				GCC_OPTIMIZATION_LEVEL = 0;
				GCC_PREPROCESSOR_DEFINITIONS = (
					"DEBUG=1",
					"$(inherited)",
				);
				GCC_WARN_64_TO_32_BIT_CONVERSION = YES;
				GCC_WARN_ABOUT_RETURN_TYPE = YES_ERROR;
				GCC_WARN_UNDECLARED_SELECTOR = YES;
				GCC_WARN_UNINITIALIZED_AUTOS = YES_AGGRESSIVE;
				GCC_WARN_UNUSED_FUNCTION = YES;
				GCC_WARN_UNUSED_VARIABLE = YES;
				IPHONEOS_DEPLOYMENT_TARGET = 13.5;
				MTL_ENABLE_DEBUG_INFO = INCLUDE_SOURCE;
				MTL_FAST_MATH = YES;
				ONLY_ACTIVE_ARCH = YES;
				SDKROOT = iphoneos;
				SWIFT_ACTIVE_COMPILATION_CONDITIONS = DEBUG;
				SWIFT_OPTIMIZATION_LEVEL = "-Onone";
			};
			name = Debug;
		};
		FA295A542499876D0098FE47 /* Release */ = {
			isa = XCBuildConfiguration;
			buildSettings = {
				ALWAYS_SEARCH_USER_PATHS = NO;
				CLANG_ANALYZER_NONNULL = YES;
				CLANG_ANALYZER_NUMBER_OBJECT_CONVERSION = YES_AGGRESSIVE;
				CLANG_CXX_LANGUAGE_STANDARD = "gnu++14";
				CLANG_CXX_LIBRARY = "libc++";
				CLANG_ENABLE_MODULES = YES;
				CLANG_ENABLE_OBJC_ARC = YES;
				CLANG_ENABLE_OBJC_WEAK = YES;
				CLANG_WARN_BLOCK_CAPTURE_AUTORELEASING = YES;
				CLANG_WARN_BOOL_CONVERSION = YES;
				CLANG_WARN_COMMA = YES;
				CLANG_WARN_CONSTANT_CONVERSION = YES;
				CLANG_WARN_DEPRECATED_OBJC_IMPLEMENTATIONS = YES;
				CLANG_WARN_DIRECT_OBJC_ISA_USAGE = YES_ERROR;
				CLANG_WARN_DOCUMENTATION_COMMENTS = YES;
				CLANG_WARN_EMPTY_BODY = YES;
				CLANG_WARN_ENUM_CONVERSION = YES;
				CLANG_WARN_INFINITE_RECURSION = YES;
				CLANG_WARN_INT_CONVERSION = YES;
				CLANG_WARN_NON_LITERAL_NULL_CONVERSION = YES;
				CLANG_WARN_OBJC_IMPLICIT_RETAIN_SELF = YES;
				CLANG_WARN_OBJC_LITERAL_CONVERSION = YES;
				CLANG_WARN_OBJC_ROOT_CLASS = YES_ERROR;
				CLANG_WARN_RANGE_LOOP_ANALYSIS = YES;
				CLANG_WARN_STRICT_PROTOTYPES = YES;
				CLANG_WARN_SUSPICIOUS_MOVE = YES;
				CLANG_WARN_UNGUARDED_AVAILABILITY = YES_AGGRESSIVE;
				CLANG_WARN_UNREACHABLE_CODE = YES;
				CLANG_WARN__DUPLICATE_METHOD_MATCH = YES;
				COPY_PHASE_STRIP = NO;
				DEBUG_INFORMATION_FORMAT = "dwarf-with-dsym";
				ENABLE_NS_ASSERTIONS = NO;
				ENABLE_STRICT_OBJC_MSGSEND = YES;
				GCC_C_LANGUAGE_STANDARD = gnu11;
				GCC_NO_COMMON_BLOCKS = YES;
				GCC_WARN_64_TO_32_BIT_CONVERSION = YES;
				GCC_WARN_ABOUT_RETURN_TYPE = YES_ERROR;
				GCC_WARN_UNDECLARED_SELECTOR = YES;
				GCC_WARN_UNINITIALIZED_AUTOS = YES_AGGRESSIVE;
				GCC_WARN_UNUSED_FUNCTION = YES;
				GCC_WARN_UNUSED_VARIABLE = YES;
				IPHONEOS_DEPLOYMENT_TARGET = 13.5;
				MTL_ENABLE_DEBUG_INFO = NO;
				MTL_FAST_MATH = YES;
				SDKROOT = iphoneos;
				SWIFT_COMPILATION_MODE = wholemodule;
				SWIFT_OPTIMIZATION_LEVEL = "-O";
				VALIDATE_PRODUCT = YES;
			};
			name = Release;
		};
		FA295A562499876D0098FE47 /* Debug */ = {
			isa = XCBuildConfiguration;
			baseConfigurationReference = 4E544C56086CA849561088CB /* Pods-TestAnimationApp.debug.xcconfig */;
			buildSettings = {
				ASSETCATALOG_COMPILER_APPICON_NAME = AppIcon;
				CODE_SIGN_STYLE = Automatic;
				INFOPLIST_FILE = TestAnimationApp/Info.plist;
				LD_RUNPATH_SEARCH_PATHS = (
					"$(inherited)",
					"@executable_path/Frameworks",
				);
				PRODUCT_BUNDLE_IDENTIFIER = macbook.TestAnimationApp;
				PRODUCT_NAME = "$(TARGET_NAME)";
				SWIFT_VERSION = 5.0;
				TARGETED_DEVICE_FAMILY = "1,2";
			};
			name = Debug;
		};
		FA295A572499876D0098FE47 /* Release */ = {
			isa = XCBuildConfiguration;
			baseConfigurationReference = D280E747488BA34D920CBEEF /* Pods-TestAnimationApp.release.xcconfig */;
			buildSettings = {
				ASSETCATALOG_COMPILER_APPICON_NAME = AppIcon;
				CODE_SIGN_STYLE = Automatic;
				INFOPLIST_FILE = TestAnimationApp/Info.plist;
				LD_RUNPATH_SEARCH_PATHS = (
					"$(inherited)",
					"@executable_path/Frameworks",
				);
				PRODUCT_BUNDLE_IDENTIFIER = macbook.TestAnimationApp;
				PRODUCT_NAME = "$(TARGET_NAME)";
				SWIFT_VERSION = 5.0;
				TARGETED_DEVICE_FAMILY = "1,2";
			};
			name = Release;
		};
/* End XCBuildConfiguration section */

/* Begin XCConfigurationList section */
		FA295A3C249987690098FE47 /* Build configuration list for PBXProject "TestAnimationApp" */ = {
			isa = XCConfigurationList;
			buildConfigurations = (
				FA295A532499876D0098FE47 /* Debug */,
				FA295A542499876D0098FE47 /* Release */,
			);
			defaultConfigurationIsVisible = 0;
			defaultConfigurationName = Release;
		};
		FA295A552499876D0098FE47 /* Build configuration list for PBXNativeTarget "TestAnimationApp" */ = {
			isa = XCConfigurationList;
			buildConfigurations = (
				FA295A562499876D0098FE47 /* Debug */,
				FA295A572499876D0098FE47 /* Release */,
			);
			defaultConfigurationIsVisible = 0;
			defaultConfigurationName = Release;
		};
/* End XCConfigurationList section */
	};
	rootObject = FA295A39249987690098FE47 /* Project object */;
}
